
Microsoft Visual Studio Solution File, Format Version 12.00
# Visual Studio Version 17
VisualStudioVersion = 17.2.32519.379
MinimumVisualStudioVersion = 10.0.40219.1
Project("{8BC9CEB8-8B4A-11D0-8D11-00A0C91BC942}") = "FindMaxEx", "FindMaxEx\FindMaxEx.vcxproj", "{166DAE93-26DC-4327-A657-EC025DC94284}"
EndProject
Project("{8BC9CEB8-8B4A-11D0-8D11-00A0C91BC942}") = "FindMaxExTest", "FindMaxExTest\FindMaxExTest.vcxproj", "{04AFF403-7D6D-44AA-A38B-402D6ED62B6D}"
EndProject
Project("{8BC9CEB8-8B4A-11D0-8D11-00A0C91BC942}") = "MyListLab", "MyListLab\MyListLab.vcxproj", "{189CE9AF-3BD0-4813-A93E-B6F5DD3C9EEB}"
EndProject
Project("{8BC9CEB8-8B4A-11D0-8D11-00A0C91BC942}") = "MyListTest", "MyListTest\MyListTest.vcxproj", "{1E1C0110-F5A5-4BF1-9655-D28E9CCD8B6F}"
EndProject
Project("{8BC9CEB8-8B4A-11D0-8D11-00A0C91BC942}") = "VehicleLab", "VehicleLab\VehicleLab.vcxproj", "{5CC778E9-1470-41AB-9F7E-CBFE9419FA6F}"
EndProject
Project("{8BC9CEB8-8B4A-11D0-8D11-00A0C91BC942}") = "VehicleLabTest", "VehicleLabTest\VehicleLabTest.vcxproj", "{B808B2EA-EAF2-4ED5-955A-864114B09425}"
EndProject
Global
	GlobalSection(SolutionConfigurationPlatforms) = preSolution
		Debug|x64 = Debug|x64
		Debug|x86 = Debug|x86
		Release|x64 = Release|x64
		Release|x86 = Release|x86
	EndGlobalSection
	GlobalSection(ProjectConfigurationPlatforms) = postSolution
		{166DAE93-26DC-4327-A657-EC025DC94284}.Debug|x64.ActiveCfg = Debug|x64
		{166DAE93-26DC-4327-A657-EC025DC94284}.Debug|x64.Build.0 = Debug|x64
		{166DAE93-26DC-4327-A657-EC025DC94284}.Debug|x86.ActiveCfg = Debug|Win32
		{166DAE93-26DC-4327-A657-EC025DC94284}.Debug|x86.Build.0 = Debug|Win32
		{166DAE93-26DC-4327-A657-EC025DC94284}.Release|x64.ActiveCfg = Release|x64
		{166DAE93-26DC-4327-A657-EC025DC94284}.Release|x64.Build.0 = Release|x64
		{166DAE93-26DC-4327-A657-EC025DC94284}.Release|x86.ActiveCfg = Release|Win32
		{166DAE93-26DC-4327-A657-EC025DC94284}.Release|x86.Build.0 = Release|Win32
		{04AFF403-7D6D-44AA-A38B-402D6ED62B6D}.Debug|x64.ActiveCfg = Debug|x64
		{04AFF403-7D6D-44AA-A38B-402D6ED62B6D}.Debug|x64.Build.0 = Debug|x64
		{04AFF403-7D6D-44AA-A38B-402D6ED62B6D}.Debug|x86.ActiveCfg = Debug|Win32
		{04AFF403-7D6D-44AA-A38B-402D6ED62B6D}.Debug|x86.Build.0 = Debug|Win32
		{04AFF403-7D6D-44AA-A38B-402D6ED62B6D}.Release|x64.ActiveCfg = Release|x64
		{04AFF403-7D6D-44AA-A38B-402D6ED62B6D}.Release|x64.Build.0 = Release|x64
		{04AFF403-7D6D-44AA-A38B-402D6ED62B6D}.Release|x86.ActiveCfg = Release|Win32
		{04AFF403-7D6D-44AA-A38B-402D6ED62B6D}.Release|x86.Build.0 = Release|Win32
		{189CE9AF-3BD0-4813-A93E-B6F5DD3C9EEB}.Debug|x64.ActiveCfg = Debug|x64
		{189CE9AF-3BD0-4813-A93E-B6F5DD3C9EEB}.Debug|x64.Build.0 = Debug|x64
		{189CE9AF-3BD0-4813-A93E-B6F5DD3C9EEB}.Debug|x86.ActiveCfg = Debug|Win32
		{189CE9AF-3BD0-4813-A93E-B6F5DD3C9EEB}.Debug|x86.Build.0 = Debug|Win32
		{189CE9AF-3BD0-4813-A93E-B6F5DD3C9EEB}.Release|x64.ActiveCfg = Release|x64
		{189CE9AF-3BD0-4813-A93E-B6F5DD3C9EEB}.Release|x64.Build.0 = Release|x64
		{189CE9AF-3BD0-4813-A93E-B6F5DD3C9EEB}.Release|x86.ActiveCfg = Release|Win32
		{189CE9AF-3BD0-4813-A93E-B6F5DD3C9EEB}.Release|x86.Build.0 = Release|Win32
		{1E1C0110-F5A5-4BF1-9655-D28E9CCD8B6F}.Debug|x64.ActiveCfg = Debug|x64
		{1E1C0110-F5A5-4BF1-9655-D28E9CCD8B6F}.Debug|x64.Build.0 = Debug|x64
		{1E1C0110-F5A5-4BF1-9655-D28E9CCD8B6F}.Debug|x86.ActiveCfg = Debug|Win32
		{1E1C0110-F5A5-4BF1-9655-D28E9CCD8B6F}.Debug|x86.Build.0 = Debug|Win32
		{1E1C0110-F5A5-4BF1-9655-D28E9CCD8B6F}.Release|x64.ActiveCfg = Release|x64
		{1E1C0110-F5A5-4BF1-9655-D28E9CCD8B6F}.Release|x64.Build.0 = Release|x64
		{1E1C0110-F5A5-4BF1-9655-D28E9CCD8B6F}.Release|x86.ActiveCfg = Release|Win32
		{1E1C0110-F5A5-4BF1-9655-D28E9CCD8B6F}.Release|x86.Build.0 = Release|Win32
		{5CC778E9-1470-41AB-9F7E-CBFE9419FA6F}.Debug|x64.ActiveCfg = Debug|x64
		{5CC778E9-1470-41AB-9F7E-CBFE9419FA6F}.Debug|x64.Build.0 = Debug|x64
		{5CC778E9-1470-41AB-9F7E-CBFE9419FA6F}.Debug|x86.ActiveCfg = Debug|Win32
		{5CC778E9-1470-41AB-9F7E-CBFE9419FA6F}.Debug|x86.Build.0 = Debug|Win32
		{5CC778E9-1470-41AB-9F7E-CBFE9419FA6F}.Release|x64.ActiveCfg = Release|x64
		{5CC778E9-1470-41AB-9F7E-CBFE9419FA6F}.Release|x64.Build.0 = Release|x64
		{5CC778E9-1470-41AB-9F7E-CBFE9419FA6F}.Release|x86.ActiveCfg = Release|Win32
		{5CC778E9-1470-41AB-9F7E-CBFE9419FA6F}.Release|x86.Build.0 = Release|Win32
		{B808B2EA-EAF2-4ED5-955A-864114B09425}.Debug|x64.ActiveCfg = Debug|x64
		{B808B2EA-EAF2-4ED5-955A-864114B09425}.Debug|x64.Build.0 = Debug|x64
		{B808B2EA-EAF2-4ED5-955A-864114B09425}.Debug|x86.ActiveCfg = Debug|Win32
		{B808B2EA-EAF2-4ED5-955A-864114B09425}.Debug|x86.Build.0 = Debug|Win32
		{B808B2EA-EAF2-4ED5-955A-864114B09425}.Release|x64.ActiveCfg = Release|x64
		{B808B2EA-EAF2-4ED5-955A-864114B09425}.Release|x64.Build.0 = Release|x64
		{B808B2EA-EAF2-4ED5-955A-864114B09425}.Release|x86.ActiveCfg = Release|Win32
		{B808B2EA-EAF2-4ED5-955A-864114B09425}.Release|x86.Build.0 = Release|Win32
	EndGlobalSection
	GlobalSection(SolutionProperties) = preSolution
		HideSolutionNode = FALSE
	EndGlobalSection
	GlobalSection(ExtensibilityGlobals) = postSolution
		SolutionGuid = {1630A87B-85D1-4C26-8B58-A36B21F6E8F8}
	EndGlobalSection
EndGlobal
